
Microsoft Visual Studio Solution File, Format Version 12.00
# Visual Studio Version 16
VisualStudioVersion = 16.0.29613.14
MinimumVisualStudioVersion = 10.0.40219.1
Project("{FAE04EC0-301F-11D3-BF4B-00C04F79EFBC}") = "Mk0.Software.Unzipper", "Mk0.Software.Unzipper\Mk0.Software.Unzipper.csproj", "{DE6795D6-1D34-491F-A279-E425A33E3AB0}"
EndProject
Global
	GlobalSection(SolutionConfigurationPlatforms) = preSolution
		Debug|Any CPU = Debug|Any CPU
		Release|Any CPU = Release|Any CPU
	EndGlobalSection
	GlobalSection(ProjectConfigurationPlatforms) = postSolution
		{DE6795D6-1D34-491F-A279-E425A33E3AB0}.Debug|Any CPU.ActiveCfg = Debug|Any CPU
		{DE6795D6-1D34-491F-A279-E425A33E3AB0}.Debug|Any CPU.Build.0 = Debug|Any CPU
		{DE6795D6-1D34-491F-A279-E425A33E3AB0}.Release|Any CPU.ActiveCfg = Release|Any CPU
		{DE6795D6-1D34-491F-A279-E425A33E3AB0}.Release|Any CPU.Build.0 = Release|Any CPU
	EndGlobalSection
	GlobalSection(SolutionProperties) = preSolution
		HideSolutionNode = FALSE
	EndGlobalSection
	GlobalSection(ExtensibilityGlobals) = postSolution
		SolutionGuid = {85CFD1B1-8147-48C7-818F-6F9F37369D25}
	EndGlobalSection
EndGlobal
